
Microsoft Visual Studio Solution File, Format Version 12.00
# Visual Studio Version 17
VisualStudioVersion = 17.9.34616.47
MinimumVisualStudioVersion = 10.0.40219.1
Project("{FAE04EC0-301F-11D3-BF4B-00C04F79EFBC}") = "MoviesList", "MoviesList\MoviesList.csproj", "{5DD2C099-BC6C-476F-9344-CF81EC94E7EC}"
EndProject
Global
	GlobalSection(SolutionConfigurationPlatforms) = preSolution
		Debug|Any CPU = Debug|Any CPU
		Release|Any CPU = Release|Any CPU
	EndGlobalSection
	GlobalSection(ProjectConfigurationPlatforms) = postSolution
		{5DD2C099-BC6C-476F-9344-CF81EC94E7EC}.Debug|Any CPU.ActiveCfg = Debug|Any CPU
		{5DD2C099-BC6C-476F-9344-CF81EC94E7EC}.Debug|Any CPU.Build.0 = Debug|Any CPU
		{5DD2C099-BC6C-476F-9344-CF81EC94E7EC}.Release|Any CPU.ActiveCfg = Release|Any CPU
		{5DD2C099-BC6C-476F-9344-CF81EC94E7EC}.Release|Any CPU.Build.0 = Release|Any CPU
	EndGlobalSection
	GlobalSection(SolutionProperties) = preSolution
		HideSolutionNode = FALSE
	EndGlobalSection
	GlobalSection(ExtensibilityGlobals) = postSolution
		SolutionGuid = {55D7695A-86E9-40D8-A7EE-61068783A43D}
	EndGlobalSection
EndGlobal
